
Microsoft Visual Studio Solution File, Format Version 12.00
# Visual Studio Version 17
VisualStudioVersion = 17.0.31903.59
MinimumVisualStudioVersion = 10.0.40219.1
Project("{2150E333-8FDC-42A3-9474-1A3956D46DE8}") = "src", "src", "{827E0CD3-B72D-47B6-A68D-7590B98EB39B}"
EndProject
Project("{FAE04EC0-301F-11D3-BF4B-00C04F79EFBC}") = "ContactBook", "src\ContactBook\ContactBook.csproj", "{761FF276-B0AF-494E-B905-BA22D30ED8D2}"
EndProject
Project("{2150E333-8FDC-42A3-9474-1A3956D46DE8}") = "tests", "tests", "{0AB3BF05-4346-4AA6-1389-037BE0695223}"
EndProject
Project("{FAE04EC0-301F-11D3-BF4B-00C04F79EFBC}") = "ContactBook.Test", "tests\ContactBook.Test\ContactBook.Test.csproj", "{FC7D2477-251D-4B5F-A0A0-ECC8DE21D640}"
EndProject
Global
	GlobalSection(SolutionConfigurationPlatforms) = preSolution
		Debug|Any CPU = Debug|Any CPU
		Debug|x64 = Debug|x64
		Debug|x86 = Debug|x86
		Release|Any CPU = Release|Any CPU
		Release|x64 = Release|x64
		Release|x86 = Release|x86
	EndGlobalSection
	GlobalSection(ProjectConfigurationPlatforms) = postSolution
		{761FF276-B0AF-494E-B905-BA22D30ED8D2}.Debug|Any CPU.ActiveCfg = Debug|Any CPU
		{761FF276-B0AF-494E-B905-BA22D30ED8D2}.Debug|Any CPU.Build.0 = Debug|Any CPU
		{761FF276-B0AF-494E-B905-BA22D30ED8D2}.Debug|x64.ActiveCfg = Debug|Any CPU
		{761FF276-B0AF-494E-B905-BA22D30ED8D2}.Debug|x64.Build.0 = Debug|Any CPU
		{761FF276-B0AF-494E-B905-BA22D30ED8D2}.Debug|x86.ActiveCfg = Debug|Any CPU
		{761FF276-B0AF-494E-B905-BA22D30ED8D2}.Debug|x86.Build.0 = Debug|Any CPU
		{761FF276-B0AF-494E-B905-BA22D30ED8D2}.Release|Any CPU.ActiveCfg = Release|Any CPU
		{761FF276-B0AF-494E-B905-BA22D30ED8D2}.Release|Any CPU.Build.0 = Release|Any CPU
		{761FF276-B0AF-494E-B905-BA22D30ED8D2}.Release|x64.ActiveCfg = Release|Any CPU
		{761FF276-B0AF-494E-B905-BA22D30ED8D2}.Release|x64.Build.0 = Release|Any CPU
		{761FF276-B0AF-494E-B905-BA22D30ED8D2}.Release|x86.ActiveCfg = Release|Any CPU
		{761FF276-B0AF-494E-B905-BA22D30ED8D2}.Release|x86.Build.0 = Release|Any CPU
		{FC7D2477-251D-4B5F-A0A0-ECC8DE21D640}.Debug|Any CPU.ActiveCfg = Debug|Any CPU
		{FC7D2477-251D-4B5F-A0A0-ECC8DE21D640}.Debug|Any CPU.Build.0 = Debug|Any CPU
		{FC7D2477-251D-4B5F-A0A0-ECC8DE21D640}.Debug|x64.ActiveCfg = Debug|Any CPU
		{FC7D2477-251D-4B5F-A0A0-ECC8DE21D640}.Debug|x64.Build.0 = Debug|Any CPU
		{FC7D2477-251D-4B5F-A0A0-ECC8DE21D640}.Debug|x86.ActiveCfg = Debug|Any CPU
		{FC7D2477-251D-4B5F-A0A0-ECC8DE21D640}.Debug|x86.Build.0 = Debug|Any CPU
		{FC7D2477-251D-4B5F-A0A0-ECC8DE21D640}.Release|Any CPU.ActiveCfg = Release|Any CPU
		{FC7D2477-251D-4B5F-A0A0-ECC8DE21D640}.Release|Any CPU.Build.0 = Release|Any CPU
		{FC7D2477-251D-4B5F-A0A0-ECC8DE21D640}.Release|x64.ActiveCfg = Release|Any CPU
		{FC7D2477-251D-4B5F-A0A0-ECC8DE21D640}.Release|x64.Build.0 = Release|Any CPU
		{FC7D2477-251D-4B5F-A0A0-ECC8DE21D640}.Release|x86.ActiveCfg = Release|Any CPU
		{FC7D2477-251D-4B5F-A0A0-ECC8DE21D640}.Release|x86.Build.0 = Release|Any CPU
	EndGlobalSection
	GlobalSection(SolutionProperties) = preSolution
		HideSolutionNode = FALSE
	EndGlobalSection
	GlobalSection(NestedProjects) = preSolution
		{761FF276-B0AF-494E-B905-BA22D30ED8D2} = {827E0CD3-B72D-47B6-A68D-7590B98EB39B}
		{FC7D2477-251D-4B5F-A0A0-ECC8DE21D640} = {0AB3BF05-4346-4AA6-1389-037BE0695223}
	EndGlobalSection
EndGlobal
